
Microsoft Visual Studio Solution File, Format Version 12.00
# Visual Studio Version 17
VisualStudioVersion = 17.12.35521.163
MinimumVisualStudioVersion = 10.0.40219.1
Project("{FAE04EC0-301F-11D3-BF4B-00C04F79EFBC}") = "MyTodo", "MyTodo\MyTodo.csproj", "{53C1A29B-C6F0-47B6-8CE3-1E919579DDBE}"
EndProject
Project("{2150E333-8FDC-42A3-9474-1A3956D46DE8}") = "Modules", "Modules", "{7D0C43EE-F801-49C4-AF8E-6189B7B2522A}"
EndProject
Project("{FAE04EC0-301F-11D3-BF4B-00C04F79EFBC}") = "MyTodo.Modules.Login", "Modules\MyTodo.Modules.Login\MyTodo.Modules.Login.csproj", "{D04790EA-3DD4-4543-8336-E9499CA8F715}"
EndProject
Project("{FAE04EC0-301F-11D3-BF4B-00C04F79EFBC}") = "MyTodo.WebServer", "MyTodo.WebServer\MyTodo.WebServer.csproj", "{E1FB7CE4-8A84-4B58-AC5C-DC7E053FDF59}"
EndProject
Project("{FAE04EC0-301F-11D3-BF4B-00C04F79EFBC}") = "MyTodo.Core", "MyTodo.Core\MyTodo.Core.csproj", "{D6D8A2A5-A6F3-47D7-A78A-FF3D9C137A74}"
EndProject
Global
	GlobalSection(SolutionConfigurationPlatforms) = preSolution
		Debug|Any CPU = Debug|Any CPU
		Release|Any CPU = Release|Any CPU
	EndGlobalSection
	GlobalSection(ProjectConfigurationPlatforms) = postSolution
		{53C1A29B-C6F0-47B6-8CE3-1E919579DDBE}.Debug|Any CPU.ActiveCfg = Debug|Any CPU
		{53C1A29B-C6F0-47B6-8CE3-1E919579DDBE}.Debug|Any CPU.Build.0 = Debug|Any CPU
		{53C1A29B-C6F0-47B6-8CE3-1E919579DDBE}.Release|Any CPU.ActiveCfg = Release|Any CPU
		{53C1A29B-C6F0-47B6-8CE3-1E919579DDBE}.Release|Any CPU.Build.0 = Release|Any CPU
		{D04790EA-3DD4-4543-8336-E9499CA8F715}.Debug|Any CPU.ActiveCfg = Debug|Any CPU
		{D04790EA-3DD4-4543-8336-E9499CA8F715}.Debug|Any CPU.Build.0 = Debug|Any CPU
		{D04790EA-3DD4-4543-8336-E9499CA8F715}.Release|Any CPU.ActiveCfg = Release|Any CPU
		{D04790EA-3DD4-4543-8336-E9499CA8F715}.Release|Any CPU.Build.0 = Release|Any CPU
		{E1FB7CE4-8A84-4B58-AC5C-DC7E053FDF59}.Debug|Any CPU.ActiveCfg = Debug|Any CPU
		{E1FB7CE4-8A84-4B58-AC5C-DC7E053FDF59}.Debug|Any CPU.Build.0 = Debug|Any CPU
		{E1FB7CE4-8A84-4B58-AC5C-DC7E053FDF59}.Release|Any CPU.ActiveCfg = Release|Any CPU
		{E1FB7CE4-8A84-4B58-AC5C-DC7E053FDF59}.Release|Any CPU.Build.0 = Release|Any CPU
		{D6D8A2A5-A6F3-47D7-A78A-FF3D9C137A74}.Debug|Any CPU.ActiveCfg = Debug|Any CPU
		{D6D8A2A5-A6F3-47D7-A78A-FF3D9C137A74}.Debug|Any CPU.Build.0 = Debug|Any CPU
		{D6D8A2A5-A6F3-47D7-A78A-FF3D9C137A74}.Release|Any CPU.ActiveCfg = Release|Any CPU
		{D6D8A2A5-A6F3-47D7-A78A-FF3D9C137A74}.Release|Any CPU.Build.0 = Release|Any CPU
	EndGlobalSection
	GlobalSection(SolutionProperties) = preSolution
		HideSolutionNode = FALSE
	EndGlobalSection
	GlobalSection(NestedProjects) = preSolution
		{D04790EA-3DD4-4543-8336-E9499CA8F715} = {7D0C43EE-F801-49C4-AF8E-6189B7B2522A}
	EndGlobalSection
EndGlobal
